{
  "version": 4,
  "terraform_version": "1.7.4",
  "serial": 81,
  "lineage": "38ab484b-5c1b-994c-6fb4-8e1bbeb77705",
  "outputs": {},
  "resources": [
    {
      "mode": "managed",
      "type": "aws_customer_gateway",
      "name": "customer_gw_to_azure",
      "provider": "provider[\"registry.terraform.io/hashicorp/aws\"]",
      "instances": [
        {
          "schema_version": 0,
          "attributes": {
            "arn": "arn:aws:ec2:us-east-1:057935369466:customer-gateway/cgw-0904e3d9ab5ab4be8",
            "bgp_asn": "65000",
            "certificate_arn": "",
            "device_name": "",
            "id": "cgw-0904e3d9ab5ab4be8",
            "ip_address": "13.82.184.162",
            "tags": {
              "Name": "customer_gw_to_azure",
              "environment": "Monex_Lab"
            },
            "tags_all": {
              "Name": "customer_gw_to_azure",
              "environment": "Monex_Lab"
            },
            "type": "ipsec.1"
          },
          "sensitive_attributes": [],
          "private": "bnVsbA==",
          "dependencies": [
            "azurerm_public_ip.vnet_gw_ip",
            "azurerm_resource_group.resourceGroup",
            "azurerm_subnet.gw_subnet",
            "azurerm_virtual_network.vnet_hub_vpn",
            "azurerm_virtual_network_gateway.az_net_gw"
          ]
        }
      ]
    },
    {
      "mode": "managed",
      "type": "aws_internet_gateway",
      "name": "private_vpc_internet_gw",
      "provider": "provider[\"registry.terraform.io/hashicorp/aws\"]",
      "instances": [
        {
          "schema_version": 0,
          "attributes": {
            "arn": "arn:aws:ec2:us-east-1:057935369466:internet-gateway/igw-077aa16281be6186f",
            "id": "igw-077aa16281be6186f",
            "owner_id": "057935369466",
            "tags": {
              "Name": "priv_vpc_igw",
              "environment": "Monex_Lab"
            },
            "tags_all": {
              "Name": "priv_vpc_igw",
              "environment": "Monex_Lab"
            },
            "timeouts": null,
            "vpc_id": "vpc-0e6aefcc4b1b1e824"
          },
          "sensitive_attributes": [],
          "private": "eyJlMmJmYjczMC1lY2FhLTExZTYtOGY4OC0zNDM2M2JjN2M0YzAiOnsiY3JlYXRlIjoxMjAwMDAwMDAwMDAwLCJkZWxldGUiOjEyMDAwMDAwMDAwMDAsInVwZGF0ZSI6MTIwMDAwMDAwMDAwMH19",
          "dependencies": [
            "aws_vpc.private_aws_vpc"
          ]
        }
      ]
    },
    {
      "mode": "managed",
      "type": "aws_route_table",
      "name": "priv_vpc_rt",
      "provider": "provider[\"registry.terraform.io/hashicorp/aws\"]",
      "instances": [
        {
          "schema_version": 0,
          "attributes": {
            "arn": "arn:aws:ec2:us-east-1:057935369466:route-table/rtb-028d2e58bdeae15e4",
            "id": "rtb-028d2e58bdeae15e4",
            "owner_id": "057935369466",
            "propagating_vgws": [],
            "route": [
              {
                "carrier_gateway_id": "",
                "cidr_block": "0.0.0.0/0",
                "core_network_arn": "",
                "destination_prefix_list_id": "",
                "egress_only_gateway_id": "",
                "gateway_id": "igw-077aa16281be6186f",
                "ipv6_cidr_block": "",
                "local_gateway_id": "",
                "nat_gateway_id": "",
                "network_interface_id": "",
                "transit_gateway_id": "",
                "vpc_endpoint_id": "",
                "vpc_peering_connection_id": ""
              },
              {
                "carrier_gateway_id": "",
                "cidr_block": "10.0.0.0/24",
                "core_network_arn": "",
                "destination_prefix_list_id": "",
                "egress_only_gateway_id": "",
                "gateway_id": "vgw-04215c8f27cf3a3ae",
                "ipv6_cidr_block": "",
                "local_gateway_id": "",
                "nat_gateway_id": "",
                "network_interface_id": "",
                "transit_gateway_id": "",
                "vpc_endpoint_id": "",
                "vpc_peering_connection_id": ""
              }
            ],
            "tags": {
              "Name": "rt_igw",
              "environment": "Monex_Lab"
            },
            "tags_all": {
              "Name": "rt_igw",
              "environment": "Monex_Lab"
            },
            "timeouts": null,
            "vpc_id": "vpc-0e6aefcc4b1b1e824"
          },
          "sensitive_attributes": [],
          "private": "eyJlMmJmYjczMC1lY2FhLTExZTYtOGY4OC0zNDM2M2JjN2M0YzAiOnsiY3JlYXRlIjozMDAwMDAwMDAwMDAsImRlbGV0ZSI6MzAwMDAwMDAwMDAwLCJ1cGRhdGUiOjEyMDAwMDAwMDAwMH19",
          "dependencies": [
            "aws_internet_gateway.private_vpc_internet_gw",
            "aws_vpc.private_aws_vpc",
            "aws_vpn_gateway.private_gw_to_azure"
          ]
        }
      ]
    },
    {
      "mode": "managed",
      "type": "aws_route_table_association",
      "name": "rt_igw_association",
      "provider": "provider[\"registry.terraform.io/hashicorp/aws\"]",
      "instances": [
        {
          "schema_version": 0,
          "attributes": {
            "gateway_id": "",
            "id": "rtbassoc-00c45efd48c4c5220",
            "route_table_id": "rtb-028d2e58bdeae15e4",
            "subnet_id": "subnet-06747e568a913b8c2",
            "timeouts": null
          },
          "sensitive_attributes": [],
          "private": "eyJlMmJmYjczMC1lY2FhLTExZTYtOGY4OC0zNDM2M2JjN2M0YzAiOnsiY3JlYXRlIjozMDAwMDAwMDAwMDAsImRlbGV0ZSI6MzAwMDAwMDAwMDAwLCJ1cGRhdGUiOjEyMDAwMDAwMDAwMH19",
          "dependencies": [
            "aws_internet_gateway.private_vpc_internet_gw",
            "aws_route_table.priv_vpc_rt",
            "aws_subnet.pri_vpc_subnet1",
            "aws_vpc.private_aws_vpc",
            "aws_vpn_gateway.private_gw_to_azure"
          ]
        }
      ]
    },
    {
      "mode": "managed",
      "type": "aws_subnet",
      "name": "pri_vpc_subnet1",
      "provider": "provider[\"registry.terraform.io/hashicorp/aws\"]",
      "instances": [
        {
          "schema_version": 1,
          "attributes": {
            "arn": "arn:aws:ec2:us-east-1:057935369466:subnet/subnet-06747e568a913b8c2",
            "assign_ipv6_address_on_creation": false,
            "availability_zone": "us-east-1a",
            "availability_zone_id": "use1-az1",
            "cidr_block": "192.168.0.0/24",
            "customer_owned_ipv4_pool": "",
            "enable_dns64": false,
            "enable_lni_at_device_index": 0,
            "enable_resource_name_dns_a_record_on_launch": false,
            "enable_resource_name_dns_aaaa_record_on_launch": false,
            "id": "subnet-06747e568a913b8c2",
            "ipv6_cidr_block": "",
            "ipv6_cidr_block_association_id": "",
            "ipv6_native": false,
            "map_customer_owned_ip_on_launch": false,
            "map_public_ip_on_launch": false,
            "outpost_arn": "",
            "owner_id": "057935369466",
            "private_dns_hostname_type_on_launch": "ip-name",
            "tags": {
              "Name": "private_vpc_subnet1",
              "environment": "Monex_Lab"
            },
            "tags_all": {
              "Name": "private_vpc_subnet1",
              "environment": "Monex_Lab"
            },
            "timeouts": null,
            "vpc_id": "vpc-0e6aefcc4b1b1e824"
          },
          "sensitive_attributes": [],
          "private": "eyJlMmJmYjczMC1lY2FhLTExZTYtOGY4OC0zNDM2M2JjN2M0YzAiOnsiY3JlYXRlIjo2MDAwMDAwMDAwMDAsImRlbGV0ZSI6MTIwMDAwMDAwMDAwMH0sInNjaGVtYV92ZXJzaW9uIjoiMSJ9",
          "dependencies": [
            "aws_vpc.private_aws_vpc"
          ]
        }
      ]
    },
    {
      "mode": "managed",
      "type": "aws_vpc",
      "name": "private_aws_vpc",
      "provider": "provider[\"registry.terraform.io/hashicorp/aws\"]",
      "instances": [
        {
          "schema_version": 1,
          "attributes": {
            "arn": "arn:aws:ec2:us-east-1:057935369466:vpc/vpc-0e6aefcc4b1b1e824",
            "assign_generated_ipv6_cidr_block": false,
            "cidr_block": "192.168.0.0/16",
            "default_network_acl_id": "acl-0cf657236c3e0147f",
            "default_route_table_id": "rtb-09ccfee2922ec0aa0",
            "default_security_group_id": "sg-04bacbe4251fff4f8",
            "dhcp_options_id": "dopt-08cef673",
            "enable_dns_hostnames": true,
            "enable_dns_support": true,
            "enable_network_address_usage_metrics": false,
            "id": "vpc-0e6aefcc4b1b1e824",
            "instance_tenancy": "default",
            "ipv4_ipam_pool_id": null,
            "ipv4_netmask_length": null,
            "ipv6_association_id": "",
            "ipv6_cidr_block": "",
            "ipv6_cidr_block_network_border_group": "",
            "ipv6_ipam_pool_id": "",
            "ipv6_netmask_length": 0,
            "main_route_table_id": "rtb-09ccfee2922ec0aa0",
            "owner_id": "057935369466",
            "tags": {
              "Name": "vpn_vpc",
              "environment": "Monex_Lab"
            },
            "tags_all": {
              "Name": "vpn_vpc",
              "environment": "Monex_Lab"
            }
          },
          "sensitive_attributes": [],
          "private": "eyJzY2hlbWFfdmVyc2lvbiI6IjEifQ=="
        }
      ]
    },
    {
      "mode": "managed",
      "type": "aws_vpn_connection",
      "name": "vpn_connection",
      "provider": "provider[\"registry.terraform.io/hashicorp/aws\"]",
      "instances": [
        {
          "schema_version": 0,
          "attributes": {
            "arn": "arn:aws:ec2:us-east-1:057935369466:vpn-connection/vpn-0a7f8e48f768ec1ea",
            "core_network_arn": "",
            "core_network_attachment_arn": "",
            "customer_gateway_configuration": "\u003c?xml version=\"1.0\" encoding=\"UTF-8\"?\u003e\n\u003cvpn_connection id=\"vpn-0a7f8e48f768ec1ea\"\u003e\n  \u003ccustomer_gateway_id\u003ecgw-0904e3d9ab5ab4be8\u003c/customer_gateway_id\u003e\n  \u003cvpn_gateway_id\u003evgw-04215c8f27cf3a3ae\u003c/vpn_gateway_id\u003e\n  \u003cvpn_connection_type\u003eipsec.1\u003c/vpn_connection_type\u003e\n  \u003cvpn_connection_attributes\u003eNoBGPVPNConnection\u003c/vpn_connection_attributes\u003e\n  \u003cipsec_tunnel\u003e\n    \u003ccustomer_gateway\u003e\n      \u003ctunnel_outside_address\u003e\n        \u003cip_address\u003e13.82.184.162\u003c/ip_address\u003e\n      \u003c/tunnel_outside_address\u003e\n      \u003ctunnel_inside_address\u003e\n        \u003cip_address\u003e169.254.201.66\u003c/ip_address\u003e\n        \u003cnetwork_mask\u003e255.255.255.252\u003c/network_mask\u003e\n        \u003cnetwork_cidr\u003e30\u003c/network_cidr\u003e\n      \u003c/tunnel_inside_address\u003e\n    \u003c/customer_gateway\u003e\n    \u003cvpn_gateway\u003e\n      \u003ctunnel_outside_address\u003e\n        \u003cip_address\u003e3.208.43.41\u003c/ip_address\u003e\n      \u003c/tunnel_outside_address\u003e\n      \u003ctunnel_inside_address\u003e\n        \u003cip_address\u003e169.254.201.65\u003c/ip_address\u003e\n        \u003cnetwork_mask\u003e255.255.255.252\u003c/network_mask\u003e\n        \u003cnetwork_cidr\u003e30\u003c/network_cidr\u003e\n      \u003c/tunnel_inside_address\u003e\n    \u003c/vpn_gateway\u003e\n    \u003cike\u003e\n      \u003cauthentication_protocol\u003esha1\u003c/authentication_protocol\u003e\n      \u003cencryption_protocol\u003eaes-128-cbc\u003c/encryption_protocol\u003e\n      \u003clifetime\u003e28800\u003c/lifetime\u003e\n      \u003cperfect_forward_secrecy\u003egroup2\u003c/perfect_forward_secrecy\u003e\n      \u003cmode\u003emain\u003c/mode\u003e\n      \u003cpre_shared_key\u003e61exwRtdhdjevFYrMPkCNfnI_z74oQYI\u003c/pre_shared_key\u003e\n    \u003c/ike\u003e\n    \u003cipsec\u003e\n      \u003cprotocol\u003eesp\u003c/protocol\u003e\n      \u003cauthentication_protocol\u003ehmac-sha1-96\u003c/authentication_protocol\u003e\n      \u003cencryption_protocol\u003eaes-128-cbc\u003c/encryption_protocol\u003e\n      \u003clifetime\u003e3600\u003c/lifetime\u003e\n      \u003cperfect_forward_secrecy\u003egroup2\u003c/perfect_forward_secrecy\u003e\n      \u003cmode\u003etunnel\u003c/mode\u003e\n      \u003cclear_df_bit\u003etrue\u003c/clear_df_bit\u003e\n      \u003cfragmentation_before_encryption\u003etrue\u003c/fragmentation_before_encryption\u003e\n      \u003ctcp_mss_adjustment\u003e1379\u003c/tcp_mss_adjustment\u003e\n      \u003cdead_peer_detection\u003e\n        \u003cinterval\u003e10\u003c/interval\u003e\n        \u003cretries\u003e3\u003c/retries\u003e\n      \u003c/dead_peer_detection\u003e\n    \u003c/ipsec\u003e\n  \u003c/ipsec_tunnel\u003e\n  \u003cipsec_tunnel\u003e\n    \u003ccustomer_gateway\u003e\n      \u003ctunnel_outside_address\u003e\n        \u003cip_address\u003e13.82.184.162\u003c/ip_address\u003e\n      \u003c/tunnel_outside_address\u003e\n      \u003ctunnel_inside_address\u003e\n        \u003cip_address\u003e169.254.142.150\u003c/ip_address\u003e\n        \u003cnetwork_mask\u003e255.255.255.252\u003c/network_mask\u003e\n        \u003cnetwork_cidr\u003e30\u003c/network_cidr\u003e\n      \u003c/tunnel_inside_address\u003e\n    \u003c/customer_gateway\u003e\n    \u003cvpn_gateway\u003e\n      \u003ctunnel_outside_address\u003e\n        \u003cip_address\u003e34.199.249.199\u003c/ip_address\u003e\n      \u003c/tunnel_outside_address\u003e\n      \u003ctunnel_inside_address\u003e\n        \u003cip_address\u003e169.254.142.149\u003c/ip_address\u003e\n        \u003cnetwork_mask\u003e255.255.255.252\u003c/network_mask\u003e\n        \u003cnetwork_cidr\u003e30\u003c/network_cidr\u003e\n      \u003c/tunnel_inside_address\u003e\n    \u003c/vpn_gateway\u003e\n    \u003cike\u003e\n      \u003cauthentication_protocol\u003esha1\u003c/authentication_protocol\u003e\n      \u003cencryption_protocol\u003eaes-128-cbc\u003c/encryption_protocol\u003e\n      \u003clifetime\u003e28800\u003c/lifetime\u003e\n      \u003cperfect_forward_secrecy\u003egroup2\u003c/perfect_forward_secrecy\u003e\n      \u003cmode\u003emain\u003c/mode\u003e\n      \u003cpre_shared_key\u003e2ZIpTEH.Zbeju3KRAyDzARWnjlQY22DV\u003c/pre_shared_key\u003e\n    \u003c/ike\u003e\n    \u003cipsec\u003e\n      \u003cprotocol\u003eesp\u003c/protocol\u003e\n      \u003cauthentication_protocol\u003ehmac-sha1-96\u003c/authentication_protocol\u003e\n      \u003cencryption_protocol\u003eaes-128-cbc\u003c/encryption_protocol\u003e\n      \u003clifetime\u003e3600\u003c/lifetime\u003e\n      \u003cperfect_forward_secrecy\u003egroup2\u003c/perfect_forward_secrecy\u003e\n      \u003cmode\u003etunnel\u003c/mode\u003e\n      \u003cclear_df_bit\u003etrue\u003c/clear_df_bit\u003e\n      \u003cfragmentation_before_encryption\u003etrue\u003c/fragmentation_before_encryption\u003e\n      \u003ctcp_mss_adjustment\u003e1379\u003c/tcp_mss_adjustment\u003e\n      \u003cdead_peer_detection\u003e\n        \u003cinterval\u003e10\u003c/interval\u003e\n        \u003cretries\u003e3\u003c/retries\u003e\n      \u003c/dead_peer_detection\u003e\n    \u003c/ipsec\u003e\n  \u003c/ipsec_tunnel\u003e\n\u003c/vpn_connection\u003e\n",
            "customer_gateway_id": "cgw-0904e3d9ab5ab4be8",
            "enable_acceleration": false,
            "id": "vpn-0a7f8e48f768ec1ea",
            "local_ipv4_network_cidr": "0.0.0.0/0",
            "local_ipv6_network_cidr": "",
            "outside_ip_address_type": "PublicIpv4",
            "remote_ipv4_network_cidr": "0.0.0.0/0",
            "remote_ipv6_network_cidr": "",
            "routes": [
              {
                "destination_cidr_block": "10.0.0.0/24",
                "source": "",
                "state": "available"
              }
            ],
            "static_routes_only": true,
            "tags": {
              "Name": "vpn_connection",
              "environment": "Monex_Lab"
            },
            "tags_all": {
              "Name": "vpn_connection",
              "environment": "Monex_Lab"
            },
            "transit_gateway_attachment_id": "",
            "transit_gateway_id": "",
            "transport_transit_gateway_attachment_id": "",
            "tunnel1_address": "3.208.43.41",
            "tunnel1_bgp_asn": "",
            "tunnel1_bgp_holdtime": 0,
            "tunnel1_cgw_inside_address": "169.254.201.66",
            "tunnel1_dpd_timeout_action": "",
            "tunnel1_dpd_timeout_seconds": 0,
            "tunnel1_enable_tunnel_lifecycle_control": false,
            "tunnel1_ike_versions": [],
            "tunnel1_inside_cidr": "169.254.201.64/30",
            "tunnel1_inside_ipv6_cidr": "",
            "tunnel1_log_options": [
              {
                "cloudwatch_log_options": [
                  {
                    "log_enabled": false,
                    "log_group_arn": "",
                    "log_output_format": ""
                  }
                ]
              }
            ],
            "tunnel1_phase1_dh_group_numbers": [],
            "tunnel1_phase1_encryption_algorithms": [],
            "tunnel1_phase1_integrity_algorithms": [],
            "tunnel1_phase1_lifetime_seconds": 0,
            "tunnel1_phase2_dh_group_numbers": [],
            "tunnel1_phase2_encryption_algorithms": [],
            "tunnel1_phase2_integrity_algorithms": [],
            "tunnel1_phase2_lifetime_seconds": 0,
            "tunnel1_preshared_key": "61exwRtdhdjevFYrMPkCNfnI_z74oQYI",
            "tunnel1_rekey_fuzz_percentage": 0,
            "tunnel1_rekey_margin_time_seconds": 0,
            "tunnel1_replay_window_size": 0,
            "tunnel1_startup_action": "",
            "tunnel1_vgw_inside_address": "169.254.201.65",
            "tunnel2_address": "34.199.249.199",
            "tunnel2_bgp_asn": "",
            "tunnel2_bgp_holdtime": 0,
            "tunnel2_cgw_inside_address": "169.254.142.150",
            "tunnel2_dpd_timeout_action": "",
            "tunnel2_dpd_timeout_seconds": 0,
            "tunnel2_enable_tunnel_lifecycle_control": false,
            "tunnel2_ike_versions": [],
            "tunnel2_inside_cidr": "169.254.142.148/30",
            "tunnel2_inside_ipv6_cidr": "",
            "tunnel2_log_options": [
              {
                "cloudwatch_log_options": [
                  {
                    "log_enabled": false,
                    "log_group_arn": "",
                    "log_output_format": ""
                  }
                ]
              }
            ],
            "tunnel2_phase1_dh_group_numbers": [],
            "tunnel2_phase1_encryption_algorithms": [],
            "tunnel2_phase1_integrity_algorithms": [],
            "tunnel2_phase1_lifetime_seconds": 0,
            "tunnel2_phase2_dh_group_numbers": [],
            "tunnel2_phase2_encryption_algorithms": [],
            "tunnel2_phase2_integrity_algorithms": [],
            "tunnel2_phase2_lifetime_seconds": 0,
            "tunnel2_preshared_key": "2ZIpTEH.Zbeju3KRAyDzARWnjlQY22DV",
            "tunnel2_rekey_fuzz_percentage": 0,
            "tunnel2_rekey_margin_time_seconds": 0,
            "tunnel2_replay_window_size": 0,
            "tunnel2_startup_action": "",
            "tunnel2_vgw_inside_address": "169.254.142.149",
            "tunnel_inside_ip_version": "ipv4",
            "type": "ipsec.1",
            "vgw_telemetry": [
              {
                "accepted_route_count": 1,
                "certificate_arn": "",
                "last_status_change": "2024-03-06T02:34:52Z",
                "outside_ip_address": "3.208.43.41",
                "status": "UP",
                "status_message": ""
              },
              {
                "accepted_route_count": 1,
                "certificate_arn": "",
                "last_status_change": "2024-03-06T02:38:12Z",
                "outside_ip_address": "34.199.249.199",
                "status": "UP",
                "status_message": ""
              }
            ],
            "vpn_gateway_id": "vgw-04215c8f27cf3a3ae"
          },
          "sensitive_attributes": [],
          "private": "bnVsbA==",
          "dependencies": [
            "aws_customer_gateway.customer_gw_to_azure",
            "aws_vpc.private_aws_vpc",
            "aws_vpn_gateway.private_gw_to_azure",
            "azurerm_public_ip.vnet_gw_ip",
            "azurerm_resource_group.resourceGroup",
            "azurerm_subnet.gw_subnet",
            "azurerm_virtual_network.vnet_hub_vpn",
            "azurerm_virtual_network_gateway.az_net_gw"
          ]
        }
      ]
    },
    {
      "mode": "managed",
      "type": "aws_vpn_connection_route",
      "name": "default",
      "provider": "provider[\"registry.terraform.io/hashicorp/aws\"]",
      "instances": [
        {
          "schema_version": 0,
          "attributes": {
            "destination_cidr_block": "10.0.0.0/24",
            "id": "10.0.0.0/24:vpn-0a7f8e48f768ec1ea",
            "vpn_connection_id": "vpn-0a7f8e48f768ec1ea"
          },
          "sensitive_attributes": [],
          "private": "bnVsbA==",
          "dependencies": [
            "aws_customer_gateway.customer_gw_to_azure",
            "aws_vpc.private_aws_vpc",
            "aws_vpn_connection.vpn_connection",
            "aws_vpn_gateway.private_gw_to_azure",
            "azurerm_public_ip.vnet_gw_ip",
            "azurerm_resource_group.resourceGroup",
            "azurerm_subnet.gw_subnet",
            "azurerm_virtual_network.vnet_hub_vpn",
            "azurerm_virtual_network_gateway.az_net_gw"
          ]
        }
      ]
    },
    {
      "mode": "managed",
      "type": "aws_vpn_gateway",
      "name": "private_gw_to_azure",
      "provider": "provider[\"registry.terraform.io/hashicorp/aws\"]",
      "instances": [
        {
          "schema_version": 0,
          "attributes": {
            "amazon_side_asn": "64512",
            "arn": "arn:aws:ec2:us-east-1:057935369466:vpn-gateway/vgw-04215c8f27cf3a3ae",
            "availability_zone": null,
            "id": "vgw-04215c8f27cf3a3ae",
            "tags": {
              "Name": "private_gw_to_azure",
              "environment": "Monex_Lab"
            },
            "tags_all": {
              "Name": "private_gw_to_azure",
              "environment": "Monex_Lab"
            },
            "vpc_id": "vpc-0e6aefcc4b1b1e824"
          },
          "sensitive_attributes": [],
          "private": "bnVsbA==",
          "dependencies": [
            "aws_vpc.private_aws_vpc"
          ]
        }
      ]
    },
    {
      "mode": "managed",
      "type": "azurerm_local_network_gateway",
      "name": "local_net_gw1",
      "provider": "provider[\"registry.terraform.io/hashicorp/azurerm\"]",
      "instances": [
        {
          "schema_version": 0,
          "attributes": {
            "address_space": [
              "192.168.0.0/16"
            ],
            "bgp_settings": [],
            "gateway_address": "3.208.43.41",
            "gateway_fqdn": "",
            "id": "/subscriptions/27e3f92f-bc0f-4193-88c1-5b663a3cd1bb/resourceGroups/Monex_Lab/providers/Microsoft.Network/localNetworkGateways/local_net_gw1",
            "location": "eastus",
            "name": "local_net_gw1",
            "resource_group_name": "Monex_Lab",
            "tags": {
              "Name": "local_net_gw1",
              "environment": "Monex_Lab"
            },
            "timeouts": null
          },
          "sensitive_attributes": [],
          "private": "eyJlMmJmYjczMC1lY2FhLTExZTYtOGY4OC0zNDM2M2JjN2M0YzAiOnsiY3JlYXRlIjoxODAwMDAwMDAwMDAwLCJkZWxldGUiOjE4MDAwMDAwMDAwMDAsInJlYWQiOjMwMDAwMDAwMDAwMCwidXBkYXRlIjoxODAwMDAwMDAwMDAwfX0=",
          "dependencies": [
            "aws_customer_gateway.customer_gw_to_azure",
            "aws_vpc.private_aws_vpc",
            "aws_vpn_connection.vpn_connection",
            "aws_vpn_gateway.private_gw_to_azure",
            "azurerm_public_ip.vnet_gw_ip",
            "azurerm_resource_group.resourceGroup",
            "azurerm_subnet.gw_subnet",
            "azurerm_virtual_network.vnet_hub_vpn",
            "azurerm_virtual_network_gateway.az_net_gw"
          ]
        }
      ]
    },
    {
      "mode": "managed",
      "type": "azurerm_local_network_gateway",
      "name": "local_net_gw2",
      "provider": "provider[\"registry.terraform.io/hashicorp/azurerm\"]",
      "instances": [
        {
          "schema_version": 0,
          "attributes": {
            "address_space": [
              "192.168.0.0/16"
            ],
            "bgp_settings": [],
            "gateway_address": "34.199.249.199",
            "gateway_fqdn": "",
            "id": "/subscriptions/27e3f92f-bc0f-4193-88c1-5b663a3cd1bb/resourceGroups/Monex_Lab/providers/Microsoft.Network/localNetworkGateways/local_net_gw2",
            "location": "eastus",
            "name": "local_net_gw2",
            "resource_group_name": "Monex_Lab",
            "tags": {
              "Name": "local_net_gw2",
              "environment": "Monex_Lab"
            },
            "timeouts": null
          },
          "sensitive_attributes": [],
          "private": "eyJlMmJmYjczMC1lY2FhLTExZTYtOGY4OC0zNDM2M2JjN2M0YzAiOnsiY3JlYXRlIjoxODAwMDAwMDAwMDAwLCJkZWxldGUiOjE4MDAwMDAwMDAwMDAsInJlYWQiOjMwMDAwMDAwMDAwMCwidXBkYXRlIjoxODAwMDAwMDAwMDAwfX0=",
          "dependencies": [
            "aws_customer_gateway.customer_gw_to_azure",
            "aws_vpc.private_aws_vpc",
            "aws_vpn_connection.vpn_connection",
            "aws_vpn_gateway.private_gw_to_azure",
            "azurerm_public_ip.vnet_gw_ip",
            "azurerm_resource_group.resourceGroup",
            "azurerm_subnet.gw_subnet",
            "azurerm_virtual_network.vnet_hub_vpn",
            "azurerm_virtual_network_gateway.az_net_gw"
          ]
        }
      ]
    },
    {
      "mode": "managed",
      "type": "azurerm_public_ip",
      "name": "vnet_gw_ip",
      "provider": "provider[\"registry.terraform.io/hashicorp/azurerm\"]",
      "instances": [
        {
          "schema_version": 0,
          "attributes": {
            "allocation_method": "Dynamic",
            "ddos_protection_mode": "VirtualNetworkInherited",
            "ddos_protection_plan_id": null,
            "domain_name_label": null,
            "edge_zone": "",
            "fqdn": null,
            "id": "/subscriptions/27e3f92f-bc0f-4193-88c1-5b663a3cd1bb/resourceGroups/Monex_Lab/providers/Microsoft.Network/publicIPAddresses/gateway_subnet_ip",
            "idle_timeout_in_minutes": 4,
            "ip_address": "13.82.184.162",
            "ip_tags": {},
            "ip_version": "IPv4",
            "location": "eastus",
            "name": "gateway_subnet_ip",
            "public_ip_prefix_id": null,
            "resource_group_name": "Monex_Lab",
            "reverse_fqdn": null,
            "sku": "Basic",
            "sku_tier": "Regional",
            "tags": {
              "environment": "Monex_Lab"
            },
            "timeouts": null,
            "zones": []
          },
          "sensitive_attributes": [],
          "private": "eyJlMmJmYjczMC1lY2FhLTExZTYtOGY4OC0zNDM2M2JjN2M0YzAiOnsiY3JlYXRlIjoxODAwMDAwMDAwMDAwLCJkZWxldGUiOjE4MDAwMDAwMDAwMDAsInJlYWQiOjMwMDAwMDAwMDAwMCwidXBkYXRlIjoxODAwMDAwMDAwMDAwfX0=",
          "dependencies": [
            "azurerm_resource_group.resourceGroup"
          ]
        }
      ]
    },
    {
      "mode": "managed",
      "type": "azurerm_resource_group",
      "name": "resourceGroup",
      "provider": "provider[\"registry.terraform.io/hashicorp/azurerm\"]",
      "instances": [
        {
          "schema_version": 0,
          "attributes": {
            "id": "/subscriptions/27e3f92f-bc0f-4193-88c1-5b663a3cd1bb/resourceGroups/Monex_Lab",
            "location": "eastus",
            "managed_by": "",
            "name": "Monex_Lab",
            "tags": {
              "environment": "Monex_Lab"
            },
            "timeouts": null
          },
          "sensitive_attributes": [],
          "private": "eyJlMmJmYjczMC1lY2FhLTExZTYtOGY4OC0zNDM2M2JjN2M0YzAiOnsiY3JlYXRlIjo1NDAwMDAwMDAwMDAwLCJkZWxldGUiOjU0MDAwMDAwMDAwMDAsInJlYWQiOjMwMDAwMDAwMDAwMCwidXBkYXRlIjo1NDAwMDAwMDAwMDAwfX0="
        }
      ]
    },
    {
      "mode": "managed",
      "type": "azurerm_subnet",
      "name": "default_subnet",
      "provider": "provider[\"registry.terraform.io/hashicorp/azurerm\"]",
      "instances": [
        {
          "schema_version": 0,
          "attributes": {
            "address_prefixes": [
              "10.0.0.0/24"
            ],
            "delegation": [],
            "enforce_private_link_endpoint_network_policies": false,
            "enforce_private_link_service_network_policies": false,
            "id": "/subscriptions/27e3f92f-bc0f-4193-88c1-5b663a3cd1bb/resourceGroups/Monex_Lab/providers/Microsoft.Network/virtualNetworks/vpn_hub_gateway/subnets/Subnet1",
            "name": "Subnet1",
            "private_endpoint_network_policies_enabled": true,
            "private_link_service_network_policies_enabled": true,
            "resource_group_name": "Monex_Lab",
            "service_endpoint_policy_ids": [],
            "service_endpoints": [],
            "timeouts": null,
            "virtual_network_name": "vpn_hub_gateway"
          },
          "sensitive_attributes": [],
          "private": "eyJlMmJmYjczMC1lY2FhLTExZTYtOGY4OC0zNDM2M2JjN2M0YzAiOnsiY3JlYXRlIjoxODAwMDAwMDAwMDAwLCJkZWxldGUiOjE4MDAwMDAwMDAwMDAsInJlYWQiOjMwMDAwMDAwMDAwMCwidXBkYXRlIjoxODAwMDAwMDAwMDAwfX0=",
          "dependencies": [
            "azurerm_resource_group.resourceGroup",
            "azurerm_virtual_network.vnet_hub_vpn"
          ]
        }
      ]
    },
    {
      "mode": "managed",
      "type": "azurerm_subnet",
      "name": "desasubnet",
      "provider": "provider[\"registry.terraform.io/hashicorp/azurerm\"]",
      "instances": [
        {
          "schema_version": 0,
          "attributes": {
            "address_prefixes": [
              "10.7.0.0/25"
            ],
            "delegation": [],
            "enforce_private_link_endpoint_network_policies": false,
            "enforce_private_link_service_network_policies": false,
            "id": "/subscriptions/27e3f92f-bc0f-4193-88c1-5b663a3cd1bb/resourceGroups/Monex_Lab/providers/Microsoft.Network/virtualNetworks/Dearrollo/subnets/snet-dvm-desa-south-01",
            "name": "snet-dvm-desa-south-01",
            "private_endpoint_network_policies_enabled": true,
            "private_link_service_network_policies_enabled": true,
            "resource_group_name": "Monex_Lab",
            "service_endpoint_policy_ids": [],
            "service_endpoints": [],
            "timeouts": null,
            "virtual_network_name": "Dearrollo"
          },
          "sensitive_attributes": [],
          "private": "eyJlMmJmYjczMC1lY2FhLTExZTYtOGY4OC0zNDM2M2JjN2M0YzAiOnsiY3JlYXRlIjoxODAwMDAwMDAwMDAwLCJkZWxldGUiOjE4MDAwMDAwMDAwMDAsInJlYWQiOjMwMDAwMDAwMDAwMCwidXBkYXRlIjoxODAwMDAwMDAwMDAwfX0=",
          "dependencies": [
            "azurerm_resource_group.resourceGroup",
            "azurerm_virtual_network.vnet_desarrollo"
          ]
        }
      ]
    },
    {
      "mode": "managed",
      "type": "azurerm_subnet",
      "name": "example",
      "provider": "provider[\"registry.terraform.io/hashicorp/azurerm\"]",
      "instances": [
        {
          "index_key": "snet-aro-prod-scus1",
          "schema_version": 0,
          "attributes": {
            "address_prefixes": [
              "10.61.2.0/25"
            ],
            "delegation": [],
            "enforce_private_link_endpoint_network_policies": false,
            "enforce_private_link_service_network_policies": false,
            "id": "/subscriptions/27e3f92f-bc0f-4193-88c1-5b663a3cd1bb/resourceGroups/Monex_Lab/providers/Microsoft.Network/virtualNetworks/aro/subnets/snet-aro-prod-scus1",
            "name": "snet-aro-prod-scus1",
            "private_endpoint_network_policies_enabled": true,
            "private_link_service_network_policies_enabled": true,
            "resource_group_name": "Monex_Lab",
            "service_endpoint_policy_ids": [],
            "service_endpoints": [],
            "timeouts": null,
            "virtual_network_name": "aro"
          },
          "sensitive_attributes": [],
          "private": "eyJlMmJmYjczMC1lY2FhLTExZTYtOGY4OC0zNDM2M2JjN2M0YzAiOnsiY3JlYXRlIjoxODAwMDAwMDAwMDAwLCJkZWxldGUiOjE4MDAwMDAwMDAwMDAsInJlYWQiOjMwMDAwMDAwMDAwMCwidXBkYXRlIjoxODAwMDAwMDAwMDAwfX0=",
          "dependencies": [
            "azurerm_resource_group.resourceGroup",
            "azurerm_virtual_network.vnet_aro"
          ]
        },
        {
          "index_key": "snet-aro-prod-scus2",
          "schema_version": 0,
          "attributes": {
            "address_prefixes": [
              "10.61.1.128/25"
            ],
            "delegation": [],
            "enforce_private_link_endpoint_network_policies": false,
            "enforce_private_link_service_network_policies": false,
            "id": "/subscriptions/27e3f92f-bc0f-4193-88c1-5b663a3cd1bb/resourceGroups/Monex_Lab/providers/Microsoft.Network/virtualNetworks/aro/subnets/snet-aro-prod-scus2",
            "name": "snet-aro-prod-scus2",
            "private_endpoint_network_policies_enabled": true,
            "private_link_service_network_policies_enabled": true,
            "resource_group_name": "Monex_Lab",
            "service_endpoint_policy_ids": [],
            "service_endpoints": [],
            "timeouts": null,
            "virtual_network_name": "aro"
          },
          "sensitive_attributes": [],
          "private": "eyJlMmJmYjczMC1lY2FhLTExZTYtOGY4OC0zNDM2M2JjN2M0YzAiOnsiY3JlYXRlIjoxODAwMDAwMDAwMDAwLCJkZWxldGUiOjE4MDAwMDAwMDAwMDAsInJlYWQiOjMwMDAwMDAwMDAwMCwidXBkYXRlIjoxODAwMDAwMDAwMDAwfX0=",
          "dependencies": [
            "azurerm_resource_group.resourceGroup",
            "azurerm_virtual_network.vnet_aro"
          ]
        },
        {
          "index_key": "snet-aro-prod-scus3",
          "schema_version": 0,
          "attributes": {
            "address_prefixes": [
              "10.61.0.128/25"
            ],
            "delegation": [],
            "enforce_private_link_endpoint_network_policies": false,
            "enforce_private_link_service_network_policies": false,
            "id": "/subscriptions/27e3f92f-bc0f-4193-88c1-5b663a3cd1bb/resourceGroups/Monex_Lab/providers/Microsoft.Network/virtualNetworks/aro/subnets/snet-aro-prod-scus3",
            "name": "snet-aro-prod-scus3",
            "private_endpoint_network_policies_enabled": true,
            "private_link_service_network_policies_enabled": true,
            "resource_group_name": "Monex_Lab",
            "service_endpoint_policy_ids": null,
            "service_endpoints": null,
            "timeouts": null,
            "virtual_network_name": "aro"
          },
          "sensitive_attributes": [],
          "private": "eyJlMmJmYjczMC1lY2FhLTExZTYtOGY4OC0zNDM2M2JjN2M0YzAiOnsiY3JlYXRlIjoxODAwMDAwMDAwMDAwLCJkZWxldGUiOjE4MDAwMDAwMDAwMDAsInJlYWQiOjMwMDAwMDAwMDAwMCwidXBkYXRlIjoxODAwMDAwMDAwMDAwfX0=",
          "dependencies": [
            "azurerm_resource_group.resourceGroup",
            "azurerm_virtual_network.vnet_aro"
          ]
        },
        {
          "index_key": "snet-aro-prod-scus7",
          "schema_version": 0,
          "attributes": {
            "address_prefixes": [
              "10.61.2.128/25"
            ],
            "delegation": [],
            "enforce_private_link_endpoint_network_policies": false,
            "enforce_private_link_service_network_policies": false,
            "id": "/subscriptions/27e3f92f-bc0f-4193-88c1-5b663a3cd1bb/resourceGroups/Monex_Lab/providers/Microsoft.Network/virtualNetworks/aro/subnets/snet-aro-prod-scus7",
            "name": "snet-aro-prod-scus7",
            "private_endpoint_network_policies_enabled": true,
            "private_link_service_network_policies_enabled": true,
            "resource_group_name": "Monex_Lab",
            "service_endpoint_policy_ids": null,
            "service_endpoints": null,
            "timeouts": null,
            "virtual_network_name": "aro"
          },
          "sensitive_attributes": [],
          "private": "eyJlMmJmYjczMC1lY2FhLTExZTYtOGY4OC0zNDM2M2JjN2M0YzAiOnsiY3JlYXRlIjoxODAwMDAwMDAwMDAwLCJkZWxldGUiOjE4MDAwMDAwMDAwMDAsInJlYWQiOjMwMDAwMDAwMDAwMCwidXBkYXRlIjoxODAwMDAwMDAwMDAwfX0=",
          "dependencies": [
            "azurerm_resource_group.resourceGroup",
            "azurerm_virtual_network.vnet_aro"
          ]
        },
        {
          "index_key": "snet-solace-prod-scus1",
          "schema_version": 0,
          "attributes": {
            "address_prefixes": [
              "10.61.1.0/25"
            ],
            "delegation": [],
            "enforce_private_link_endpoint_network_policies": false,
            "enforce_private_link_service_network_policies": false,
            "id": "/subscriptions/27e3f92f-bc0f-4193-88c1-5b663a3cd1bb/resourceGroups/Monex_Lab/providers/Microsoft.Network/virtualNetworks/aro/subnets/snet-solace-prod-scus1",
            "name": "snet-solace-prod-scus1",
            "private_endpoint_network_policies_enabled": true,
            "private_link_service_network_policies_enabled": true,
            "resource_group_name": "Monex_Lab",
            "service_endpoint_policy_ids": null,
            "service_endpoints": null,
            "timeouts": null,
            "virtual_network_name": "aro"
          },
          "sensitive_attributes": [],
          "private": "eyJlMmJmYjczMC1lY2FhLTExZTYtOGY4OC0zNDM2M2JjN2M0YzAiOnsiY3JlYXRlIjoxODAwMDAwMDAwMDAwLCJkZWxldGUiOjE4MDAwMDAwMDAwMDAsInJlYWQiOjMwMDAwMDAwMDAwMCwidXBkYXRlIjoxODAwMDAwMDAwMDAwfX0=",
          "dependencies": [
            "azurerm_resource_group.resourceGroup",
            "azurerm_virtual_network.vnet_aro"
          ]
        }
      ]
    },
    {
      "mode": "managed",
      "type": "azurerm_subnet",
      "name": "gw_subnet",
      "provider": "provider[\"registry.terraform.io/hashicorp/azurerm\"]",
      "instances": [
        {
          "schema_version": 0,
          "attributes": {
            "address_prefixes": [
              "10.0.254.0/24"
            ],
            "delegation": [],
            "enforce_private_link_endpoint_network_policies": false,
            "enforce_private_link_service_network_policies": false,
            "id": "/subscriptions/27e3f92f-bc0f-4193-88c1-5b663a3cd1bb/resourceGroups/Monex_Lab/providers/Microsoft.Network/virtualNetworks/vpn_hub_gateway/subnets/GatewaySubnet",
            "name": "GatewaySubnet",
            "private_endpoint_network_policies_enabled": true,
            "private_link_service_network_policies_enabled": true,
            "resource_group_name": "Monex_Lab",
            "service_endpoint_policy_ids": [],
            "service_endpoints": [],
            "timeouts": null,
            "virtual_network_name": "vpn_hub_gateway"
          },
          "sensitive_attributes": [],
          "private": "eyJlMmJmYjczMC1lY2FhLTExZTYtOGY4OC0zNDM2M2JjN2M0YzAiOnsiY3JlYXRlIjoxODAwMDAwMDAwMDAwLCJkZWxldGUiOjE4MDAwMDAwMDAwMDAsInJlYWQiOjMwMDAwMDAwMDAwMCwidXBkYXRlIjoxODAwMDAwMDAwMDAwfX0=",
          "dependencies": [
            "azurerm_resource_group.resourceGroup",
            "azurerm_virtual_network.vnet_hub_vpn"
          ]
        }
      ]
    },
    {
      "mode": "managed",
      "type": "azurerm_subnet",
      "name": "prodasubnet",
      "provider": "provider[\"registry.terraform.io/hashicorp/azurerm\"]",
      "instances": [
        {
          "schema_version": 0,
          "attributes": {
            "address_prefixes": [
              "10.6.0.0/23"
            ],
            "delegation": [],
            "enforce_private_link_endpoint_network_policies": false,
            "enforce_private_link_service_network_policies": false,
            "id": "/subscriptions/27e3f92f-bc0f-4193-88c1-5b663a3cd1bb/resourceGroups/Monex_Lab/providers/Microsoft.Network/virtualNetworks/Produccion/subnets/snet-dvm-prod-south-01",
            "name": "snet-dvm-prod-south-01",
            "private_endpoint_network_policies_enabled": true,
            "private_link_service_network_policies_enabled": true,
            "resource_group_name": "Monex_Lab",
            "service_endpoint_policy_ids": [],
            "service_endpoints": [],
            "timeouts": null,
            "virtual_network_name": "Produccion"
          },
          "sensitive_attributes": [],
          "private": "eyJlMmJmYjczMC1lY2FhLTExZTYtOGY4OC0zNDM2M2JjN2M0YzAiOnsiY3JlYXRlIjoxODAwMDAwMDAwMDAwLCJkZWxldGUiOjE4MDAwMDAwMDAwMDAsInJlYWQiOjMwMDAwMDAwMDAwMCwidXBkYXRlIjoxODAwMDAwMDAwMDAwfX0=",
          "dependencies": [
            "azurerm_resource_group.resourceGroup",
            "azurerm_virtual_network.vnet_prod"
          ]
        }
      ]
    },
    {
      "mode": "managed",
      "type": "azurerm_virtual_network",
      "name": "vnet_aro",
      "provider": "provider[\"registry.terraform.io/hashicorp/azurerm\"]",
      "instances": [
        {
          "schema_version": 0,
          "attributes": {
            "address_space": [
              "10.61.0.0/22"
            ],
            "bgp_community": "",
            "ddos_protection_plan": [],
            "dns_servers": [],
            "edge_zone": "",
            "encryption": [],
            "flow_timeout_in_minutes": 0,
            "guid": "a87e6ecc-7ccf-4b75-9bf6-12fcdb08987c",
            "id": "/subscriptions/27e3f92f-bc0f-4193-88c1-5b663a3cd1bb/resourceGroups/Monex_Lab/providers/Microsoft.Network/virtualNetworks/aro",
            "location": "eastus",
            "name": "aro",
            "resource_group_name": "Monex_Lab",
            "subnet": [
              {
                "address_prefix": "10.61.0.0/25",
                "id": "/subscriptions/27e3f92f-bc0f-4193-88c1-5b663a3cd1bb/resourceGroups/Monex_Lab/providers/Microsoft.Network/virtualNetworks/aro/subnets/snet-aro-prod-scus1",
                "name": "snet-aro-prod-scus1",
                "security_group": ""
              },
              {
                "address_prefix": "10.61.2.0/25",
                "id": "/subscriptions/27e3f92f-bc0f-4193-88c1-5b663a3cd1bb/resourceGroups/Monex_Lab/providers/Microsoft.Network/virtualNetworks/aro/subnets/snet-aro-prod-scus2",
                "name": "snet-aro-prod-scus2",
                "security_group": ""
              }
            ],
            "tags": {
              "environment": "Monex_Lab"
            },
            "timeouts": null
          },
          "sensitive_attributes": [],
          "private": "eyJlMmJmYjczMC1lY2FhLTExZTYtOGY4OC0zNDM2M2JjN2M0YzAiOnsiY3JlYXRlIjoxODAwMDAwMDAwMDAwLCJkZWxldGUiOjE4MDAwMDAwMDAwMDAsInJlYWQiOjMwMDAwMDAwMDAwMCwidXBkYXRlIjoxODAwMDAwMDAwMDAwfX0=",
          "dependencies": [
            "azurerm_resource_group.resourceGroup"
          ]
        }
      ]
    },
    {
      "mode": "managed",
      "type": "azurerm_virtual_network",
      "name": "vnet_desarrollo",
      "provider": "provider[\"registry.terraform.io/hashicorp/azurerm\"]",
      "instances": [
        {
          "schema_version": 0,
          "attributes": {
            "address_space": [
              "10.7.0.0/22"
            ],
            "bgp_community": "",
            "ddos_protection_plan": [],
            "dns_servers": [],
            "edge_zone": "",
            "encryption": [],
            "flow_timeout_in_minutes": 0,
            "guid": "9deabbe1-dc26-40b4-b307-475987856226",
            "id": "/subscriptions/27e3f92f-bc0f-4193-88c1-5b663a3cd1bb/resourceGroups/Monex_Lab/providers/Microsoft.Network/virtualNetworks/Dearrollo",
            "location": "eastus",
            "name": "Dearrollo",
            "resource_group_name": "Monex_Lab",
            "subnet": [
              {
                "address_prefix": "10.7.0.0/25",
                "id": "/subscriptions/27e3f92f-bc0f-4193-88c1-5b663a3cd1bb/resourceGroups/Monex_Lab/providers/Microsoft.Network/virtualNetworks/Dearrollo/subnets/snet-dvm-desa-south-01",
                "name": "snet-dvm-desa-south-01",
                "security_group": ""
              }
            ],
            "tags": {
              "environment": "Monex_Lab"
            },
            "timeouts": null
          },
          "sensitive_attributes": [],
          "private": "eyJlMmJmYjczMC1lY2FhLTExZTYtOGY4OC0zNDM2M2JjN2M0YzAiOnsiY3JlYXRlIjoxODAwMDAwMDAwMDAwLCJkZWxldGUiOjE4MDAwMDAwMDAwMDAsInJlYWQiOjMwMDAwMDAwMDAwMCwidXBkYXRlIjoxODAwMDAwMDAwMDAwfX0=",
          "dependencies": [
            "azurerm_resource_group.resourceGroup"
          ]
        }
      ]
    },
    {
      "mode": "managed",
      "type": "azurerm_virtual_network",
      "name": "vnet_hub_vpn",
      "provider": "provider[\"registry.terraform.io/hashicorp/azurerm\"]",
      "instances": [
        {
          "schema_version": 0,
          "attributes": {
            "address_space": [
              "10.0.0.0/16"
            ],
            "bgp_community": "",
            "ddos_protection_plan": [],
            "dns_servers": [],
            "edge_zone": "",
            "encryption": [],
            "flow_timeout_in_minutes": 0,
            "guid": "b7d4be1a-9c66-4810-9ae1-340318436d9c",
            "id": "/subscriptions/27e3f92f-bc0f-4193-88c1-5b663a3cd1bb/resourceGroups/Monex_Lab/providers/Microsoft.Network/virtualNetworks/vpn_hub_gateway",
            "location": "eastus",
            "name": "vpn_hub_gateway",
            "resource_group_name": "Monex_Lab",
            "subnet": [
              {
                "address_prefix": "10.0.0.0/24",
                "id": "/subscriptions/27e3f92f-bc0f-4193-88c1-5b663a3cd1bb/resourceGroups/Monex_Lab/providers/Microsoft.Network/virtualNetworks/vpn_hub_gateway/subnets/Subnet1",
                "name": "Subnet1",
                "security_group": ""
              },
              {
                "address_prefix": "10.0.254.0/24",
                "id": "/subscriptions/27e3f92f-bc0f-4193-88c1-5b663a3cd1bb/resourceGroups/Monex_Lab/providers/Microsoft.Network/virtualNetworks/vpn_hub_gateway/subnets/GatewaySubnet",
                "name": "GatewaySubnet",
                "security_group": ""
              }
            ],
            "tags": {
              "environment": "Monex_Lab"
            },
            "timeouts": null
          },
          "sensitive_attributes": [],
          "private": "eyJlMmJmYjczMC1lY2FhLTExZTYtOGY4OC0zNDM2M2JjN2M0YzAiOnsiY3JlYXRlIjoxODAwMDAwMDAwMDAwLCJkZWxldGUiOjE4MDAwMDAwMDAwMDAsInJlYWQiOjMwMDAwMDAwMDAwMCwidXBkYXRlIjoxODAwMDAwMDAwMDAwfX0=",
          "dependencies": [
            "azurerm_resource_group.resourceGroup"
          ]
        }
      ]
    },
    {
      "mode": "managed",
      "type": "azurerm_virtual_network",
      "name": "vnet_prod",
      "provider": "provider[\"registry.terraform.io/hashicorp/azurerm\"]",
      "instances": [
        {
          "schema_version": 0,
          "attributes": {
            "address_space": [
              "10.6.0.0/22"
            ],
            "bgp_community": "",
            "ddos_protection_plan": [],
            "dns_servers": [],
            "edge_zone": "",
            "encryption": [],
            "flow_timeout_in_minutes": 0,
            "guid": "bedfd7ed-694c-48de-96c5-73eb0e8c9a09",
            "id": "/subscriptions/27e3f92f-bc0f-4193-88c1-5b663a3cd1bb/resourceGroups/Monex_Lab/providers/Microsoft.Network/virtualNetworks/Produccion",
            "location": "eastus",
            "name": "Produccion",
            "resource_group_name": "Monex_Lab",
            "subnet": [
              {
                "address_prefix": "10.6.0.0/23",
                "id": "/subscriptions/27e3f92f-bc0f-4193-88c1-5b663a3cd1bb/resourceGroups/Monex_Lab/providers/Microsoft.Network/virtualNetworks/Produccion/subnets/snet-dvm-prod-south-01",
                "name": "snet-dvm-prod-south-01",
                "security_group": ""
              }
            ],
            "tags": {
              "environment": "Monex_Lab"
            },
            "timeouts": null
          },
          "sensitive_attributes": [],
          "private": "eyJlMmJmYjczMC1lY2FhLTExZTYtOGY4OC0zNDM2M2JjN2M0YzAiOnsiY3JlYXRlIjoxODAwMDAwMDAwMDAwLCJkZWxldGUiOjE4MDAwMDAwMDAwMDAsInJlYWQiOjMwMDAwMDAwMDAwMCwidXBkYXRlIjoxODAwMDAwMDAwMDAwfX0=",
          "dependencies": [
            "azurerm_resource_group.resourceGroup"
          ]
        }
      ]
    },
    {
      "mode": "managed",
      "type": "azurerm_virtual_network_gateway",
      "name": "az_net_gw",
      "provider": "provider[\"registry.terraform.io/hashicorp/azurerm\"]",
      "instances": [
        {
          "schema_version": 0,
          "attributes": {
            "active_active": false,
            "bgp_route_translation_for_nat_enabled": false,
            "bgp_settings": [
              {
                "asn": 65515,
                "peer_weight": 0,
                "peering_addresses": [
                  {
                    "apipa_addresses": [],
                    "default_addresses": [
                      "10.0.254.254"
                    ],
                    "ip_configuration_name": "az_network_gw_config",
                    "tunnel_ip_addresses": [
                      "13.82.184.162"
                    ]
                  }
                ]
              }
            ],
            "custom_route": [],
            "default_local_network_gateway_id": null,
            "dns_forwarding_enabled": false,
            "edge_zone": "",
            "enable_bgp": false,
            "generation": "Generation1",
            "id": "/subscriptions/27e3f92f-bc0f-4193-88c1-5b663a3cd1bb/resourceGroups/Monex_Lab/providers/Microsoft.Network/virtualNetworkGateways/az_network_gw",
            "ip_configuration": [
              {
                "name": "az_network_gw_config",
                "private_ip_address_allocation": "Dynamic",
                "public_ip_address_id": "/subscriptions/27e3f92f-bc0f-4193-88c1-5b663a3cd1bb/resourceGroups/Monex_Lab/providers/Microsoft.Network/publicIPAddresses/gateway_subnet_ip",
                "subnet_id": "/subscriptions/27e3f92f-bc0f-4193-88c1-5b663a3cd1bb/resourceGroups/Monex_Lab/providers/Microsoft.Network/virtualNetworks/vpn_hub_gateway/subnets/GatewaySubnet"
              }
            ],
            "ip_sec_replay_protection_enabled": true,
            "location": "eastus",
            "name": "az_network_gw",
            "policy_group": [],
            "private_ip_address_enabled": false,
            "remote_vnet_traffic_enabled": false,
            "resource_group_name": "Monex_Lab",
            "sku": "VpnGw1",
            "tags": {},
            "timeouts": null,
            "type": "Vpn",
            "virtual_wan_traffic_enabled": false,
            "vpn_client_configuration": [],
            "vpn_type": "RouteBased"
          },
          "sensitive_attributes": [],
          "private": "eyJlMmJmYjczMC1lY2FhLTExZTYtOGY4OC0zNDM2M2JjN2M0YzAiOnsiY3JlYXRlIjo1NDAwMDAwMDAwMDAwLCJkZWxldGUiOjM2MDAwMDAwMDAwMDAsInJlYWQiOjMwMDAwMDAwMDAwMCwidXBkYXRlIjozNjAwMDAwMDAwMDAwfX0=",
          "dependencies": [
            "azurerm_public_ip.vnet_gw_ip",
            "azurerm_resource_group.resourceGroup",
            "azurerm_subnet.gw_subnet",
            "azurerm_virtual_network.vnet_hub_vpn"
          ]
        }
      ]
    },
    {
      "mode": "managed",
      "type": "azurerm_virtual_network_gateway_connection",
      "name": "local_net_gw1_connection",
      "provider": "provider[\"registry.terraform.io/hashicorp/azurerm\"]",
      "instances": [
        {
          "schema_version": 0,
          "attributes": {
            "authorization_key": "",
            "connection_mode": "Default",
            "connection_protocol": "IKEv2",
            "custom_bgp_addresses": [],
            "dpd_timeout_seconds": 0,
            "egress_nat_rule_ids": [],
            "enable_bgp": false,
            "express_route_circuit_id": null,
            "express_route_gateway_bypass": false,
            "id": "/subscriptions/27e3f92f-bc0f-4193-88c1-5b663a3cd1bb/resourceGroups/Monex_Lab/providers/Microsoft.Network/connections/local_net_gw1_connection",
            "ingress_nat_rule_ids": [],
            "ipsec_policy": [],
            "local_azure_ip_address_enabled": false,
            "local_network_gateway_id": "/subscriptions/27e3f92f-bc0f-4193-88c1-5b663a3cd1bb/resourceGroups/Monex_Lab/providers/Microsoft.Network/localNetworkGateways/local_net_gw1",
            "location": "eastus",
            "name": "local_net_gw1_connection",
            "peer_virtual_network_gateway_id": null,
            "resource_group_name": "Monex_Lab",
            "routing_weight": 0,
            "shared_key": "61exwRtdhdjevFYrMPkCNfnI_z74oQYI",
            "tags": {
              "environment": "Monex_Lab"
            },
            "timeouts": null,
            "traffic_selector_policy": [],
            "type": "IPsec",
            "use_policy_based_traffic_selectors": false,
            "virtual_network_gateway_id": "/subscriptions/27e3f92f-bc0f-4193-88c1-5b663a3cd1bb/resourceGroups/Monex_Lab/providers/Microsoft.Network/virtualNetworkGateways/az_network_gw"
          },
          "sensitive_attributes": [
            [
              {
                "type": "get_attr",
                "value": "shared_key"
              }
            ]
          ],
          "private": "eyJlMmJmYjczMC1lY2FhLTExZTYtOGY4OC0zNDM2M2JjN2M0YzAiOnsiY3JlYXRlIjoxODAwMDAwMDAwMDAwLCJkZWxldGUiOjE4MDAwMDAwMDAwMDAsInJlYWQiOjMwMDAwMDAwMDAwMCwidXBkYXRlIjoxODAwMDAwMDAwMDAwfX0=",
          "dependencies": [
            "aws_customer_gateway.customer_gw_to_azure",
            "aws_vpc.private_aws_vpc",
            "aws_vpn_connection.vpn_connection",
            "aws_vpn_gateway.private_gw_to_azure",
            "azurerm_local_network_gateway.local_net_gw1",
            "azurerm_public_ip.vnet_gw_ip",
            "azurerm_resource_group.resourceGroup",
            "azurerm_subnet.gw_subnet",
            "azurerm_virtual_network.vnet_hub_vpn",
            "azurerm_virtual_network_gateway.az_net_gw"
          ]
        }
      ]
    },
    {
      "mode": "managed",
      "type": "azurerm_virtual_network_gateway_connection",
      "name": "local_net_gw2_connection",
      "provider": "provider[\"registry.terraform.io/hashicorp/azurerm\"]",
      "instances": [
        {
          "schema_version": 0,
          "attributes": {
            "authorization_key": "",
            "connection_mode": "Default",
            "connection_protocol": "IKEv2",
            "custom_bgp_addresses": [],
            "dpd_timeout_seconds": 0,
            "egress_nat_rule_ids": [],
            "enable_bgp": false,
            "express_route_circuit_id": null,
            "express_route_gateway_bypass": false,
            "id": "/subscriptions/27e3f92f-bc0f-4193-88c1-5b663a3cd1bb/resourceGroups/Monex_Lab/providers/Microsoft.Network/connections/local_net_gw2_connection",
            "ingress_nat_rule_ids": [],
            "ipsec_policy": [],
            "local_azure_ip_address_enabled": false,
            "local_network_gateway_id": "/subscriptions/27e3f92f-bc0f-4193-88c1-5b663a3cd1bb/resourceGroups/Monex_Lab/providers/Microsoft.Network/localNetworkGateways/local_net_gw2",
            "location": "eastus",
            "name": "local_net_gw2_connection",
            "peer_virtual_network_gateway_id": null,
            "resource_group_name": "Monex_Lab",
            "routing_weight": 0,
            "shared_key": "2ZIpTEH.Zbeju3KRAyDzARWnjlQY22DV",
            "tags": {
              "environment": "Monex_Lab"
            },
            "timeouts": null,
            "traffic_selector_policy": [],
            "type": "IPsec",
            "use_policy_based_traffic_selectors": false,
            "virtual_network_gateway_id": "/subscriptions/27e3f92f-bc0f-4193-88c1-5b663a3cd1bb/resourceGroups/Monex_Lab/providers/Microsoft.Network/virtualNetworkGateways/az_network_gw"
          },
          "sensitive_attributes": [
            [
              {
                "type": "get_attr",
                "value": "shared_key"
              }
            ]
          ],
          "private": "eyJlMmJmYjczMC1lY2FhLTExZTYtOGY4OC0zNDM2M2JjN2M0YzAiOnsiY3JlYXRlIjoxODAwMDAwMDAwMDAwLCJkZWxldGUiOjE4MDAwMDAwMDAwMDAsInJlYWQiOjMwMDAwMDAwMDAwMCwidXBkYXRlIjoxODAwMDAwMDAwMDAwfX0=",
          "dependencies": [
            "aws_customer_gateway.customer_gw_to_azure",
            "aws_vpc.private_aws_vpc",
            "aws_vpn_connection.vpn_connection",
            "aws_vpn_gateway.private_gw_to_azure",
            "azurerm_local_network_gateway.local_net_gw2",
            "azurerm_public_ip.vnet_gw_ip",
            "azurerm_resource_group.resourceGroup",
            "azurerm_subnet.gw_subnet",
            "azurerm_virtual_network.vnet_hub_vpn",
            "azurerm_virtual_network_gateway.az_net_gw"
          ]
        }
      ]
    }
  ],
  "check_results": null
}
